
Microsoft Visual Studio Solution File, Format Version 12.00
# Visual Studio 14
VisualStudioVersion = 14.0.25420.1
MinimumVisualStudioVersion = 10.0.40219.1
Project("{FAE04EC0-301F-11D3-BF4B-00C04F79EFBC}") = "SayNo", "sayNo\SayNo.csproj", "{AADF9993-73AA-4324-8101-887C5CB57453}"
EndProject
Global
	GlobalSection(SolutionConfigurationPlatforms) = preSolution
		Debug|Any CPU = Debug|Any CPU
		Release|Any CPU = Release|Any CPU
	EndGlobalSection
	GlobalSection(ProjectConfigurationPlatforms) = postSolution
		{AADF9993-73AA-4324-8101-887C5CB57453}.Debug|Any CPU.ActiveCfg = Debug|Any CPU
		{AADF9993-73AA-4324-8101-887C5CB57453}.Debug|Any CPU.Build.0 = Debug|Any CPU
		{AADF9993-73AA-4324-8101-887C5CB57453}.Release|Any CPU.ActiveCfg = Release|Any CPU
		{AADF9993-73AA-4324-8101-887C5CB57453}.Release|Any CPU.Build.0 = Release|Any CPU
	EndGlobalSection
	GlobalSection(SolutionProperties) = preSolution
		HideSolutionNode = FALSE
	EndGlobalSection
EndGlobal
